// !$*UTF8*$!
{
	archiveVersion = 1;
	classes = {
	};
	objectVersion = 46;
	objects = {

/* Begin PBXBuildFile section */
		A857561C1FB85161009B6DBB /* OpenGL.framework in Frameworks */ = {isa = PBXBuildFile; fileRef = A8B301671F5869350095C63F /* OpenGL.framework */; };
		A85756271FB854DE009B6DBB /* libGLEW.2.1.0.dylib in Frameworks */ = {isa = PBXBuildFile; fileRef = A85756261FB854DE009B6DBB /* libGLEW.2.1.0.dylib */; };
		A85CDEE51FB9316E00F45133 /* main.cpp in Sources */ = {isa = PBXBuildFile; fileRef = A85CDEE41FB9316E00F45133 /* main.cpp */; };
		A8FD4EA61FB92DA300A121C7 /* libglfw.3.3.dylib in Frameworks */ = {isa = PBXBuildFile; fileRef = A8FD4EA41FB92DA300A121C7 /* libglfw.3.3.dylib */; };
		A8FD4EA71FB92DA300A121C7 /* libglfw3.a in Frameworks */ = {isa = PBXBuildFile; fileRef = A8FD4EA51FB92DA300A121C7 /* libglfw3.a */; };
/* End PBXBuildFile section */

/* Begin PBXCopyFilesBuildPhase section */
		A8B301571F58671F0095C63F /* CopyFiles */ = {
			isa = PBXCopyFilesBuildPhase;
			buildActionMask = 2147483647;
			dstPath = /usr/share/man/man1/;
			dstSubfolderSpec = 0;
			files = (
			);
			runOnlyForDeploymentPostprocessing = 1;
		};
/* End PBXCopyFilesBuildPhase section */

/* Begin PBXFileReference section */
		A80321461FB8103700159CCA /* libglfw.dylib */ = {isa = PBXFileReference; lastKnownFileType = "compiled.mach-o.dylib"; name = libglfw.dylib; path = ../../../../usr/local/lib/libglfw.dylib; sourceTree = "<group>"; };
		A80321481FB8105200159CCA /* libGLEW.2.1.0.dylib */ = {isa = PBXFileReference; lastKnownFileType = "compiled.mach-o.dylib"; name = libGLEW.2.1.0.dylib; path = ../../../../usr/local/Cellar/glew/2.1.0/lib/libGLEW.2.1.0.dylib; sourceTree = "<group>"; };
		A85756201FB853F5009B6DBB /* libglfw3.a */ = {isa = PBXFileReference; lastKnownFileType = archive.ar; name = libglfw3.a; path = ../../../../usr/local/lib/libglfw3.a; sourceTree = "<group>"; };
		A85756221FB85404009B6DBB /* libglfw.a */ = {isa = PBXFileReference; lastKnownFileType = archive.ar; name = libglfw.a; path = ../../../../usr/local/lib/libglfw.a; sourceTree = "<group>"; };
		A85756261FB854DE009B6DBB /* libGLEW.2.1.0.dylib */ = {isa = PBXFileReference; lastKnownFileType = "compiled.mach-o.dylib"; name = libGLEW.2.1.0.dylib; path = ../../../../usr/local/lib/libGLEW.2.1.0.dylib; sourceTree = "<group>"; };
		A85756291FB857D5009B6DBB /* libglfw.3.dylib */ = {isa = PBXFileReference; lastKnownFileType = "compiled.mach-o.dylib"; name = libglfw.3.dylib; path = ../../../../usr/local/lib/libglfw.3.dylib; sourceTree = "<group>"; };
		A857562B1FB85839009B6DBB /* lib */ = {isa = PBXFileReference; lastKnownFileType = folder; name = lib; path = ../../../../usr/local/lib; sourceTree = "<group>"; };
		A857562F1FB858C1009B6DBB /* libglfw.3.2.dylib */ = {isa = PBXFileReference; lastKnownFileType = "compiled.mach-o.dylib"; name = libglfw.3.2.dylib; path = ../../../../usr/local/lib/libglfw.3.2.dylib; sourceTree = "<group>"; };
		A85CDEE41FB9316E00F45133 /* main.cpp */ = {isa = PBXFileReference; fileEncoding = 4; lastKnownFileType = sourcecode.cpp.cpp; path = main.cpp; sourceTree = "<group>"; };
		A8B301591F58671F0095C63F /* HelloOpenGL */ = {isa = PBXFileReference; explicitFileType = "compiled.mach-o.executable"; includeInIndex = 0; path = HelloOpenGL; sourceTree = BUILT_PRODUCTS_DIR; };
		A8B301641F58672C0095C63F /* libsb6.a */ = {isa = PBXFileReference; lastKnownFileType = archive.ar; name = libsb6.a; path = ../../sb6code/lib/libsb6.a; sourceTree = "<group>"; };
		A8B301661F5869350095C63F /* GLUT.framework */ = {isa = PBXFileReference; lastKnownFileType = wrapper.framework; name = GLUT.framework; path = System/Library/Frameworks/GLUT.framework; sourceTree = SDKROOT; };
		A8B301671F5869350095C63F /* OpenGL.framework */ = {isa = PBXFileReference; lastKnownFileType = wrapper.framework; name = OpenGL.framework; path = System/Library/Frameworks/OpenGL.framework; sourceTree = SDKROOT; };
		A8FD4EA41FB92DA300A121C7 /* libglfw.3.3.dylib */ = {isa = PBXFileReference; lastKnownFileType = "compiled.mach-o.dylib"; name = libglfw.3.3.dylib; path = ../../../../../usr/local/lib/libglfw.3.3.dylib; sourceTree = "<group>"; };
		A8FD4EA51FB92DA300A121C7 /* libglfw3.a */ = {isa = PBXFileReference; lastKnownFileType = archive.ar; name = libglfw3.a; path = ../../../../../usr/local/lib/libglfw3.a; sourceTree = "<group>"; };
/* End PBXFileReference section */

/* Begin PBXFrameworksBuildPhase section */
		A8B301561F58671F0095C63F /* Frameworks */ = {
			isa = PBXFrameworksBuildPhase;
			buildActionMask = 2147483647;
			files = (
				A8FD4EA61FB92DA300A121C7 /* libglfw.3.3.dylib in Frameworks */,
				A8FD4EA71FB92DA300A121C7 /* libglfw3.a in Frameworks */,
				A85756271FB854DE009B6DBB /* libGLEW.2.1.0.dylib in Frameworks */,
				A857561C1FB85161009B6DBB /* OpenGL.framework in Frameworks */,
			);
			runOnlyForDeploymentPostprocessing = 0;
		};
/* End PBXFrameworksBuildPhase section */

/* Begin PBXGroup section */
		A8B301501F58671F0095C63F = {
			isa = PBXGroup;
			children = (
				A8B3015B1F58671F0095C63F /* HelloOpenGL */,
				A8B3015A1F58671F0095C63F /* Products */,
				A8B301631F58672C0095C63F /* Frameworks */,
			);
			sourceTree = "<group>";
		};
		A8B3015A1F58671F0095C63F /* Products */ = {
			isa = PBXGroup;
			children = (
				A8B301591F58671F0095C63F /* HelloOpenGL */,
			);
			name = Products;
			sourceTree = "<group>";
		};
		A8B3015B1F58671F0095C63F /* HelloOpenGL */ = {
			isa = PBXGroup;
			children = (
				A85CDEE41FB9316E00F45133 /* main.cpp */,
			);
			path = HelloOpenGL;
			sourceTree = "<group>";
		};
		A8B301631F58672C0095C63F /* Frameworks */ = {
			isa = PBXGroup;
			children = (
				A8FD4EA41FB92DA300A121C7 /* libglfw.3.3.dylib */,
				A8FD4EA51FB92DA300A121C7 /* libglfw3.a */,
				A857562F1FB858C1009B6DBB /* libglfw.3.2.dylib */,
				A857562B1FB85839009B6DBB /* lib */,
				A85756291FB857D5009B6DBB /* libglfw.3.dylib */,
				A85756261FB854DE009B6DBB /* libGLEW.2.1.0.dylib */,
				A85756221FB85404009B6DBB /* libglfw.a */,
				A85756201FB853F5009B6DBB /* libglfw3.a */,
				A80321481FB8105200159CCA /* libGLEW.2.1.0.dylib */,
				A80321461FB8103700159CCA /* libglfw.dylib */,
				A8B301661F5869350095C63F /* GLUT.framework */,
				A8B301671F5869350095C63F /* OpenGL.framework */,
				A8B301641F58672C0095C63F /* libsb6.a */,
			);
			name = Frameworks;
			sourceTree = "<group>";
		};
/* End PBXGroup section */

/* Begin PBXNativeTarget section */
		A8B301581F58671F0095C63F /* HelloOpenGL */ = {
			isa = PBXNativeTarget;
			buildConfigurationList = A8B301601F58671F0095C63F /* Build configuration list for PBXNativeTarget "HelloOpenGL" */;
			buildPhases = (
				A8B301551F58671F0095C63F /* Sources */,
				A8B301561F58671F0095C63F /* Frameworks */,
				A8B301571F58671F0095C63F /* CopyFiles */,
			);
			buildRules = (
			);
			dependencies = (
			);
			name = HelloOpenGL;
			productName = HelloOpenGL;
			productReference = A8B301591F58671F0095C63F /* HelloOpenGL */;
			productType = "com.apple.product-type.tool";
		};
/* End PBXNativeTarget section */

/* Begin PBXProject section */
		A8B301511F58671F0095C63F /* Project object */ = {
			isa = PBXProject;
			attributes = {
				LastUpgradeCheck = 0910;
				ORGANIZATIONNAME = "김희원";
				TargetAttributes = {
					A8B301581F58671F0095C63F = {
						CreatedOnToolsVersion = 8.3.3;
						DevelopmentTeam = 9XM7GX8K4E;
						ProvisioningStyle = Automatic;
					};
				};
			};
			buildConfigurationList = A8B301541F58671F0095C63F /* Build configuration list for PBXProject "HelloOpenGL" */;
			compatibilityVersion = "Xcode 3.2";
			developmentRegion = English;
			hasScannedForEncodings = 0;
			knownRegions = (
				en,
			);
			mainGroup = A8B301501F58671F0095C63F;
			productRefGroup = A8B3015A1F58671F0095C63F /* Products */;
			projectDirPath = "";
			projectRoot = "";
			targets = (
				A8B301581F58671F0095C63F /* HelloOpenGL */,
			);
		};
/* End PBXProject section */

/* Begin PBXSourcesBuildPhase section */
		A8B301551F58671F0095C63F /* Sources */ = {
			isa = PBXSourcesBuildPhase;
			buildActionMask = 2147483647;
			files = (
				A85CDEE51FB9316E00F45133 /* main.cpp in Sources */,
			);
			runOnlyForDeploymentPostprocessing = 0;
		};
/* End PBXSourcesBuildPhase section */

/* Begin XCBuildConfiguration section */
		A8B3015E1F58671F0095C63F /* Debug */ = {
			isa = XCBuildConfiguration;
			buildSettings = {
				ALWAYS_SEARCH_USER_PATHS = NO;
				CLANG_ANALYZER_NONNULL = YES;
				CLANG_ANALYZER_NUMBER_OBJECT_CONVERSION = YES_AGGRESSIVE;
				CLANG_CXX_LANGUAGE_STANDARD = "gnu++0x";
				CLANG_CXX_LIBRARY = "libc++";
				CLANG_ENABLE_MODULES = YES;
				CLANG_ENABLE_OBJC_ARC = YES;
				CLANG_WARN_BLOCK_CAPTURE_AUTORELEASING = YES;
				CLANG_WARN_BOOL_CONVERSION = YES;
				CLANG_WARN_COMMA = YES;
				CLANG_WARN_CONSTANT_CONVERSION = YES;
				CLANG_WARN_DIRECT_OBJC_ISA_USAGE = YES_ERROR;
				CLANG_WARN_DOCUMENTATION_COMMENTS = YES;
				CLANG_WARN_EMPTY_BODY = YES;
				CLANG_WARN_ENUM_CONVERSION = YES;
				CLANG_WARN_INFINITE_RECURSION = YES;
				CLANG_WARN_INT_CONVERSION = YES;
				CLANG_WARN_NON_LITERAL_NULL_CONVERSION = YES;
				CLANG_WARN_OBJC_LITERAL_CONVERSION = YES;
				CLANG_WARN_OBJC_ROOT_CLASS = YES_ERROR;
				CLANG_WARN_RANGE_LOOP_ANALYSIS = YES;
				CLANG_WARN_STRICT_PROTOTYPES = YES;
				CLANG_WARN_SUSPICIOUS_MOVE = YES;
				CLANG_WARN_UNREACHABLE_CODE = YES;
				CLANG_WARN__DUPLICATE_METHOD_MATCH = YES;
				CODE_SIGN_IDENTITY = "-";
				COPY_PHASE_STRIP = NO;
				DEBUG_INFORMATION_FORMAT = dwarf;
				ENABLE_STRICT_OBJC_MSGSEND = YES;
				ENABLE_TESTABILITY = YES;
				GCC_C_LANGUAGE_STANDARD = gnu99;
				GCC_DYNAMIC_NO_PIC = NO;
				GCC_NO_COMMON_BLOCKS = YES;
				GCC_OPTIMIZATION_LEVEL = 0;
				GCC_PREPROCESSOR_DEFINITIONS = (
					"DEBUG=1",
					"$(inherited)",
				);
				GCC_WARN_64_TO_32_BIT_CONVERSION = YES;
				GCC_WARN_ABOUT_RETURN_TYPE = YES_ERROR;
				GCC_WARN_UNDECLARED_SELECTOR = YES;
				GCC_WARN_UNINITIALIZED_AUTOS = YES_AGGRESSIVE;
				GCC_WARN_UNUSED_FUNCTION = YES;
				GCC_WARN_UNUSED_VARIABLE = YES;
				MACOSX_DEPLOYMENT_TARGET = 10.12;
				MTL_ENABLE_DEBUG_INFO = YES;
				ONLY_ACTIVE_ARCH = YES;
				SDKROOT = macosx;
			};
			name = Debug;
		};
		A8B3015F1F58671F0095C63F /* Release */ = {
			isa = XCBuildConfiguration;
			buildSettings = {
				ALWAYS_SEARCH_USER_PATHS = NO;
				CLANG_ANALYZER_NONNULL = YES;
				CLANG_ANALYZER_NUMBER_OBJECT_CONVERSION = YES_AGGRESSIVE;
				CLANG_CXX_LANGUAGE_STANDARD = "gnu++0x";
				CLANG_CXX_LIBRARY = "libc++";
				CLANG_ENABLE_MODULES = YES;
				CLANG_ENABLE_OBJC_ARC = YES;
				CLANG_WARN_BLOCK_CAPTURE_AUTORELEASING = YES;
				CLANG_WARN_BOOL_CONVERSION = YES;
				CLANG_WARN_COMMA = YES;
				CLANG_WARN_CONSTANT_CONVERSION = YES;
				CLANG_WARN_DIRECT_OBJC_ISA_USAGE = YES_ERROR;
				CLANG_WARN_DOCUMENTATION_COMMENTS = YES;
				CLANG_WARN_EMPTY_BODY = YES;
				CLANG_WARN_ENUM_CONVERSION = YES;
				CLANG_WARN_INFINITE_RECURSION = YES;
				CLANG_WARN_INT_CONVERSION = YES;
				CLANG_WARN_NON_LITERAL_NULL_CONVERSION = YES;
				CLANG_WARN_OBJC_LITERAL_CONVERSION = YES;
				CLANG_WARN_OBJC_ROOT_CLASS = YES_ERROR;
				CLANG_WARN_RANGE_LOOP_ANALYSIS = YES;
				CLANG_WARN_STRICT_PROTOTYPES = YES;
				CLANG_WARN_SUSPICIOUS_MOVE = YES;
				CLANG_WARN_UNREACHABLE_CODE = YES;
				CLANG_WARN__DUPLICATE_METHOD_MATCH = YES;
				CODE_SIGN_IDENTITY = "-";
				COPY_PHASE_STRIP = NO;
				DEBUG_INFORMATION_FORMAT = "dwarf-with-dsym";
				ENABLE_NS_ASSERTIONS = NO;
				ENABLE_STRICT_OBJC_MSGSEND = YES;
				GCC_C_LANGUAGE_STANDARD = gnu99;
				GCC_NO_COMMON_BLOCKS = YES;
				GCC_WARN_64_TO_32_BIT_CONVERSION = YES;
				GCC_WARN_ABOUT_RETURN_TYPE = YES_ERROR;
				GCC_WARN_UNDECLARED_SELECTOR = YES;
				GCC_WARN_UNINITIALIZED_AUTOS = YES_AGGRESSIVE;
				GCC_WARN_UNUSED_FUNCTION = YES;
				GCC_WARN_UNUSED_VARIABLE = YES;
				MACOSX_DEPLOYMENT_TARGET = 10.12;
				MTL_ENABLE_DEBUG_INFO = NO;
				SDKROOT = macosx;
			};
			name = Release;
		};
		A8B301611F58671F0095C63F /* Debug */ = {
			isa = XCBuildConfiguration;
			buildSettings = {
				DEVELOPMENT_TEAM = 9XM7GX8K4E;
				HEADER_SEARCH_PATHS = /usr/local/include;
				LIBRARY_SEARCH_PATHS = (
					/usr/local/lib,
					/usr/local/Cellar/glew/2.1.0/lib,
				);
				OTHER_LDFLAGS = "";
				PRODUCT_NAME = "$(TARGET_NAME)";
			};
			name = Debug;
		};
		A8B301621F58671F0095C63F /* Release */ = {
			isa = XCBuildConfiguration;
			buildSettings = {
				DEVELOPMENT_TEAM = 9XM7GX8K4E;
				HEADER_SEARCH_PATHS = /usr/local/include;
				LIBRARY_SEARCH_PATHS = (
					/usr/local/lib,
					/usr/local/Cellar/glew/2.1.0/lib,
				);
				OTHER_LDFLAGS = "";
				PRODUCT_NAME = "$(TARGET_NAME)";
			};
			name = Release;
		};
/* End XCBuildConfiguration section */

/* Begin XCConfigurationList section */
		A8B301541F58671F0095C63F /* Build configuration list for PBXProject "HelloOpenGL" */ = {
			isa = XCConfigurationList;
			buildConfigurations = (
				A8B3015E1F58671F0095C63F /* Debug */,
				A8B3015F1F58671F0095C63F /* Release */,
			);
			defaultConfigurationIsVisible = 0;
			defaultConfigurationName = Release;
		};
		A8B301601F58671F0095C63F /* Build configuration list for PBXNativeTarget "HelloOpenGL" */ = {
			isa = XCConfigurationList;
			buildConfigurations = (
				A8B301611F58671F0095C63F /* Debug */,
				A8B301621F58671F0095C63F /* Release */,
			);
			defaultConfigurationIsVisible = 0;
			defaultConfigurationName = Release;
		};
/* End XCConfigurationList section */
	};
	rootObject = A8B301511F58671F0095C63F /* Project object */;
}
